
Microsoft Visual Studio Solution File, Format Version 12.00
# Visual Studio Version 17
VisualStudioVersion = 17.8.34525.116
MinimumVisualStudioVersion = 10.0.40219.1
Project("{9A19103F-16F7-4668-BE54-9A1E7A4F7556}") = "CompanyManagementSystem", "CompanyManagementSystem.csproj", "{4795B129-17A6-4210-BED7-7DA22745577A}"
EndProject
Global
	GlobalSection(SolutionConfigurationPlatforms) = preSolution
		Debug|Any CPU = Debug|Any CPU
		Release|Any CPU = Release|Any CPU
	EndGlobalSection
	GlobalSection(ProjectConfigurationPlatforms) = postSolution
		{4795B129-17A6-4210-BED7-7DA22745577A}.Debug|Any CPU.ActiveCfg = Debug|Any CPU
		{4795B129-17A6-4210-BED7-7DA22745577A}.Debug|Any CPU.Build.0 = Debug|Any CPU
		{4795B129-17A6-4210-BED7-7DA22745577A}.Release|Any CPU.ActiveCfg = Release|Any CPU
		{4795B129-17A6-4210-BED7-7DA22745577A}.Release|Any CPU.Build.0 = Release|Any CPU
	EndGlobalSection
	GlobalSection(SolutionProperties) = preSolution
		HideSolutionNode = FALSE
	EndGlobalSection
	GlobalSection(ExtensibilityGlobals) = postSolution
		SolutionGuid = {1836B83B-5C57-4C26-A295-5A4635849A52}
	EndGlobalSection
EndGlobal
